PODS:
  - Alamofire (5.0.0-beta.4)
  - Google-Mobile-Ads-SDK (7.42.2):
    - GoogleAppMeasurement (~> 5.7)
  - GoogleAppMeasurement (5.8.0):
    - GoogleUtilities/AppDelegateSwizzler (~> 5.2)
    - GoogleUtilities/MethodSwizzler (~> 5.2)
    - GoogleUtilities/Network (~> 5.2)
    - "GoogleUtilities/NSData+zlib (~> 5.2)"
    - nanopb (~> 0.3)
  - GoogleUtilities/AppDelegateSwizzler (5.5.0):
    - GoogleUtilities/Environment
    - GoogleUtilities/Logger
    - GoogleUtilities/Network
  - GoogleUtilities/Environment (5.5.0)
  - GoogleUtilities/Logger (5.5.0):
    - GoogleUtilities/Environment
  - GoogleUtilities/MethodSwizzler (5.5.0):
    - GoogleUtilities/Logger
  - GoogleUtilities/Network (5.5.0):
    - GoogleUtilities/Logger
    - "GoogleUtilities/NSData+zlib"
    - GoogleUtilities/Reachability
  - "GoogleUtilities/NSData+zlib (5.5.0)"
  - GoogleUtilities/Reachability (5.5.0):
    - GoogleUtilities/Logger
  - Kingfisher (5.3.1)
  - MaterialShowcase (0.6.5)
  - nanopb (0.3.901):
    - nanopb/decode (= 0.3.901)
    - nanopb/encode (= 0.3.901)
  - nanopb/decode (0.3.901)
  - nanopb/encode (0.3.901)
  - OneSignal (2.9.5)
  - PromiseKit (6.8.4):
    - PromiseKit/CorePromise (= 6.8.4)
    - PromiseKit/Foundation (= 6.8.4)
    - PromiseKit/UIKit (= 6.8.4)
  - PromiseKit/CorePromise (6.8.4)
  - PromiseKit/Foundation (6.8.4):
    - PromiseKit/CorePromise
  - PromiseKit/UIKit (6.8.4):
    - PromiseKit/CorePromise
  - SwiftyOnboard (1.3.8)
  - YouTubePlayer (0.4.0)

DEPENDENCIES:
  - Alamofire (~> 5.0.0-beta.4)
  - Google-Mobile-Ads-SDK
  - Kingfisher (~> 5.3.1)
  - MaterialShowcase
  - OneSignal (< 3.0, >= 2.6.2)
  - PromiseKit (~> 6.8)
  - SwiftyOnboard
  - YouTubePlayer

SPEC REPOS:
  https://github.com/cocoapods/specs.git:
    - Alamofire
    - Google-Mobile-Ads-SDK
    - GoogleAppMeasurement
    - GoogleUtilities
    - Kingfisher
    - MaterialShowcase
    - nanopb
    - OneSignal
    - PromiseKit
    - SwiftyOnboard
    - YouTubePlayer

SPEC CHECKSUMS:
  Alamofire: 6458d95477bc40adf10129f22c67cfb014162dc8
  Google-Mobile-Ads-SDK: 8f4f7e793bfd3fff5b082181b54112f81b579a67
  GoogleAppMeasurement: 1624046ab1bcc5e170061a56ef5679000b079c8e
  GoogleUtilities: 6481e6318c5fcabaaa8513ef8120f329055d7c10
  Kingfisher: d9e7e0b209b59b8f9873aa2f37654e81a7beea51
  MaterialShowcase: 031041c8409ab8473740a13e8c37297f78316e96
  nanopb: 2901f78ea1b7b4015c860c2fdd1ea2fee1a18d48
  OneSignal: ccdeb961882f8668305e5b694e2cb7cb325fc907
  PromiseKit: 51794a832647e7b819336dc2279039ce9f1cc49b
  SwiftyOnboard: de60e90c2af23dd61b01ec0c6a8d0be3370f857b
  YouTubePlayer: 028451f6772f372d4759866db99824c676ac1473

PODFILE CHECKSUM: e67d7bbe03163081dd895033cabf8b90d573c78b

COCOAPODS: 1.6.1
